
Microsoft Visual Studio Solution File, Format Version 12.00
# Visual Studio Version 17
VisualStudioVersion = 17.1.32210.238
MinimumVisualStudioVersion = 10.0.40219.1
Project("{FAE04EC0-301F-11D3-BF4B-00C04F79EFBC}") = "DadJokes", "DadJokes\DadJokes.csproj", "{B4232B2C-21B0-4A83-AE14-7D07D3EFDFE4}"
EndProject
Global
	GlobalSection(SolutionConfigurationPlatforms) = preSolution
		Debug|Any CPU = Debug|Any CPU
		Release|Any CPU = Release|Any CPU
	EndGlobalSection
	GlobalSection(ProjectConfigurationPlatforms) = postSolution
		{B4232B2C-21B0-4A83-AE14-7D07D3EFDFE4}.Debug|Any CPU.ActiveCfg = Debug|Any CPU
		{B4232B2C-21B0-4A83-AE14-7D07D3EFDFE4}.Debug|Any CPU.Build.0 = Debug|Any CPU
		{B4232B2C-21B0-4A83-AE14-7D07D3EFDFE4}.Release|Any CPU.ActiveCfg = Release|Any CPU
		{B4232B2C-21B0-4A83-AE14-7D07D3EFDFE4}.Release|Any CPU.Build.0 = Release|Any CPU
	EndGlobalSection
	GlobalSection(SolutionProperties) = preSolution
		HideSolutionNode = FALSE
	EndGlobalSection
	GlobalSection(ExtensibilityGlobals) = postSolution
		SolutionGuid = {FA3E7D09-3E4F-4449-BF09-8BDBA5F4829B}
	EndGlobalSection
EndGlobal
